
Microsoft Visual Studio Solution File, Format Version 12.00
# Visual Studio Version 16
VisualStudioVersion = 16.0.31424.327
MinimumVisualStudioVersion = 10.0.40219.1
Project("{9A19103F-16F7-4668-BE54-9A1E7A4F7556}") = "MineControl", "MineControl\MineControl.csproj", "{DFE79420-99CC-42DF-9280-FB7DBFC4E7EF}"
EndProject
Global
	GlobalSection(SolutionConfigurationPlatforms) = preSolution
		Debug|x64 = Debug|x64
		Release|x64 = Release|x64
	EndGlobalSection
	GlobalSection(ProjectConfigurationPlatforms) = postSolution
		{DFE79420-99CC-42DF-9280-FB7DBFC4E7EF}.Debug|x64.ActiveCfg = Debug|x64
		{DFE79420-99CC-42DF-9280-FB7DBFC4E7EF}.Debug|x64.Build.0 = Debug|x64
		{DFE79420-99CC-42DF-9280-FB7DBFC4E7EF}.Release|x64.ActiveCfg = Release|x64
		{DFE79420-99CC-42DF-9280-FB7DBFC4E7EF}.Release|x64.Build.0 = Release|x64
	EndGlobalSection
	GlobalSection(SolutionProperties) = preSolution
		HideSolutionNode = FALSE
	EndGlobalSection
	GlobalSection(ExtensibilityGlobals) = postSolution
		SolutionGuid = {8D835423-5434-47F7-A9F6-FF25000E92E2}
	EndGlobalSection
EndGlobal
